
Microsoft Visual Studio Solution File, Format Version 12.00
# Visual Studio Version 17
VisualStudioVersion = 17.14.36121.58
MinimumVisualStudioVersion = 10.0.40219.1
Project("{2150E333-8FDC-42A3-9474-1A3956D46DE8}") = "src", "src", "{02EA681E-C7D8-13C7-8484-4AC65E1B71E8}"
EndProject
Project("{FAE04EC0-301F-11D3-BF4B-00C04F79EFBC}") = "Adoroid.CarService.Domain", "src\Adoroid.CarService.Domain\Adoroid.CarService.Domain.csproj", "{24C2098E-2498-4CFC-ACA9-097066ED204F}"
EndProject
Project("{FAE04EC0-301F-11D3-BF4B-00C04F79EFBC}") = "Adoroid.CarService.Persistence", "src\Adoroid.CarService.Persistence\Adoroid.CarService.Persistence.csproj", "{2BD4314B-0AD5-4353-A14F-B50E27B4EFC5}"
EndProject
Project("{FAE04EC0-301F-11D3-BF4B-00C04F79EFBC}") = "Adoroid.CarService.Application", "src\Adoroid.CarService.Application\Adoroid.CarService.Application.csproj", "{2F6C8814-992F-49A3-9AD6-694088A018A7}"
EndProject
Project("{FAE04EC0-301F-11D3-BF4B-00C04F79EFBC}") = "Adoroid.CarService.Infrastructure", "src\Adoroid.CarService.Infrastructure\Adoroid.CarService.Infrastructure.csproj", "{895C45DB-58FA-4BA7-8561-77138AB40F89}"
EndProject
Project("{FAE04EC0-301F-11D3-BF4B-00C04F79EFBC}") = "Adoroid.CarService.Shared", "src\Adoroid.CarService.Shared\Adoroid.CarService.Shared.csproj", "{9BC539F8-87D8-41F6-8480-FCBD04BF6241}"
EndProject
Project("{FAE04EC0-301F-11D3-BF4B-00C04F79EFBC}") = "Adoroid.CarService.API", "src\Adoroid.CarService.API\Adoroid.CarService.API.csproj", "{3751CA41-9199-4687-B87F-9A9D6FCB5471}"
EndProject
Project("{2150E333-8FDC-42A3-9474-1A3956D46DE8}") = "Çözüm Öğeleri", "Çözüm Öğeleri", "{AC80F682-3D55-C8F8-4895-A4A9EDD49434}"
	ProjectSection(SolutionItems) = preProject
		docker-compose.yml = docker-compose.yml
		Dockerfile = Dockerfile
		wait-for-postgres.sh = wait-for-postgres.sh
	EndProjectSection
EndProject
Project("{FAE04EC0-301F-11D3-BF4B-00C04F79EFBC}") = "Adoroid.CarService.Application.Tests", "src\Adoroid.CarService.Application.Tests\Adoroid.CarService.Application.Tests.csproj", "{56122910-6B1C-4BFA-A290-CC035F01DEE8}"
EndProject
Global
	GlobalSection(SolutionConfigurationPlatforms) = preSolution
		Debug|Any CPU = Debug|Any CPU
		Release|Any CPU = Release|Any CPU
	EndGlobalSection
	GlobalSection(ProjectConfigurationPlatforms) = postSolution
		{24C2098E-2498-4CFC-ACA9-097066ED204F}.Debug|Any CPU.ActiveCfg = Debug|Any CPU
		{24C2098E-2498-4CFC-ACA9-097066ED204F}.Debug|Any CPU.Build.0 = Debug|Any CPU
		{24C2098E-2498-4CFC-ACA9-097066ED204F}.Release|Any CPU.ActiveCfg = Release|Any CPU
		{24C2098E-2498-4CFC-ACA9-097066ED204F}.Release|Any CPU.Build.0 = Release|Any CPU
		{2BD4314B-0AD5-4353-A14F-B50E27B4EFC5}.Debug|Any CPU.ActiveCfg = Debug|Any CPU
		{2BD4314B-0AD5-4353-A14F-B50E27B4EFC5}.Debug|Any CPU.Build.0 = Debug|Any CPU
		{2BD4314B-0AD5-4353-A14F-B50E27B4EFC5}.Release|Any CPU.ActiveCfg = Release|Any CPU
		{2BD4314B-0AD5-4353-A14F-B50E27B4EFC5}.Release|Any CPU.Build.0 = Release|Any CPU
		{2F6C8814-992F-49A3-9AD6-694088A018A7}.Debug|Any CPU.ActiveCfg = Debug|Any CPU
		{2F6C8814-992F-49A3-9AD6-694088A018A7}.Debug|Any CPU.Build.0 = Debug|Any CPU
		{2F6C8814-992F-49A3-9AD6-694088A018A7}.Release|Any CPU.ActiveCfg = Release|Any CPU
		{2F6C8814-992F-49A3-9AD6-694088A018A7}.Release|Any CPU.Build.0 = Release|Any CPU
		{895C45DB-58FA-4BA7-8561-77138AB40F89}.Debug|Any CPU.ActiveCfg = Debug|Any CPU
		{895C45DB-58FA-4BA7-8561-77138AB40F89}.Debug|Any CPU.Build.0 = Debug|Any CPU
		{895C45DB-58FA-4BA7-8561-77138AB40F89}.Release|Any CPU.ActiveCfg = Release|Any CPU
		{895C45DB-58FA-4BA7-8561-77138AB40F89}.Release|Any CPU.Build.0 = Release|Any CPU
		{9BC539F8-87D8-41F6-8480-FCBD04BF6241}.Debug|Any CPU.ActiveCfg = Debug|Any CPU
		{9BC539F8-87D8-41F6-8480-FCBD04BF6241}.Debug|Any CPU.Build.0 = Debug|Any CPU
		{9BC539F8-87D8-41F6-8480-FCBD04BF6241}.Release|Any CPU.ActiveCfg = Release|Any CPU
		{9BC539F8-87D8-41F6-8480-FCBD04BF6241}.Release|Any CPU.Build.0 = Release|Any CPU
		{3751CA41-9199-4687-B87F-9A9D6FCB5471}.Debug|Any CPU.ActiveCfg = Debug|Any CPU
		{3751CA41-9199-4687-B87F-9A9D6FCB5471}.Debug|Any CPU.Build.0 = Debug|Any CPU
		{3751CA41-9199-4687-B87F-9A9D6FCB5471}.Release|Any CPU.ActiveCfg = Release|Any CPU
		{3751CA41-9199-4687-B87F-9A9D6FCB5471}.Release|Any CPU.Build.0 = Release|Any CPU
		{56122910-6B1C-4BFA-A290-CC035F01DEE8}.Debug|Any CPU.ActiveCfg = Debug|Any CPU
		{56122910-6B1C-4BFA-A290-CC035F01DEE8}.Debug|Any CPU.Build.0 = Debug|Any CPU
		{56122910-6B1C-4BFA-A290-CC035F01DEE8}.Release|Any CPU.ActiveCfg = Release|Any CPU
		{56122910-6B1C-4BFA-A290-CC035F01DEE8}.Release|Any CPU.Build.0 = Release|Any CPU
	EndGlobalSection
	GlobalSection(SolutionProperties) = preSolution
		HideSolutionNode = FALSE
	EndGlobalSection
	GlobalSection(NestedProjects) = preSolution
		{24C2098E-2498-4CFC-ACA9-097066ED204F} = {02EA681E-C7D8-13C7-8484-4AC65E1B71E8}
		{2BD4314B-0AD5-4353-A14F-B50E27B4EFC5} = {02EA681E-C7D8-13C7-8484-4AC65E1B71E8}
		{2F6C8814-992F-49A3-9AD6-694088A018A7} = {02EA681E-C7D8-13C7-8484-4AC65E1B71E8}
		{895C45DB-58FA-4BA7-8561-77138AB40F89} = {02EA681E-C7D8-13C7-8484-4AC65E1B71E8}
		{9BC539F8-87D8-41F6-8480-FCBD04BF6241} = {02EA681E-C7D8-13C7-8484-4AC65E1B71E8}
		{3751CA41-9199-4687-B87F-9A9D6FCB5471} = {02EA681E-C7D8-13C7-8484-4AC65E1B71E8}
		{56122910-6B1C-4BFA-A290-CC035F01DEE8} = {02EA681E-C7D8-13C7-8484-4AC65E1B71E8}
	EndGlobalSection
	GlobalSection(ExtensibilityGlobals) = postSolution
		SolutionGuid = {EF87AD31-EBAC-4F47-9704-B3ED13607D61}
	EndGlobalSection
EndGlobal
